// !$*UTF8*$!
{
	archiveVersion = 1;
	classes = {
	};
	objectVersion = 56;
	objects = {

/* Begin PBXBuildFile section */
		5C51D1D12964B20300B2C631 /* quizzes.json in Resources */ = {isa = PBXBuildFile; fileRef = 5C51D1D02964B20300B2C631 /* quizzes.json */; };
		5C51D1D32964B23600B2C631 /* videos.json in Resources */ = {isa = PBXBuildFile; fileRef = 5C51D1D22964B23600B2C631 /* videos.json */; };
		5C51D1D52964B80E00B2C631 /* LessonViewModel.swift in Sources */ = {isa = PBXBuildFile; fileRef = 5C51D1D42964B80E00B2C631 /* LessonViewModel.swift */; };
		5CA313A7296312610086169F /* CourseKitApp.swift in Sources */ = {isa = PBXBuildFile; fileRef = 5CA313A6296312610086169F /* CourseKitApp.swift */; };
		5CA313A9296312610086169F /* HomeView.swift in Sources */ = {isa = PBXBuildFile; fileRef = 5CA313A8296312610086169F /* HomeView.swift */; };
		5CA313AE296312630086169F /* Preview Assets.xcassets in Resources */ = {isa = PBXBuildFile; fileRef = 5CA313AD296312630086169F /* Preview Assets.xcassets */; };
		5CA313C9296312F30086169F /* NotificationDetailView.swift in Sources */ = {isa = PBXBuildFile; fileRef = 5CA313BD296312F30086169F /* NotificationDetailView.swift */; };
		5CA313CA296312F30086169F /* ListView.swift in Sources */ = {isa = PBXBuildFile; fileRef = 5CA313BE296312F30086169F /* ListView.swift */; };
		5CA313CB296312F30086169F /* NotificationCellView.swift in Sources */ = {isa = PBXBuildFile; fileRef = 5CA313BF296312F30086169F /* NotificationCellView.swift */; };
		5CA313CC296312F30086169F /* NotificationsView.swift in Sources */ = {isa = PBXBuildFile; fileRef = 5CA313C0296312F30086169F /* NotificationsView.swift */; };
		5CA313CF2963131C0086169F /* CourseViewModel.swift in Sources */ = {isa = PBXBuildFile; fileRef = 5CA313CE2963131C0086169F /* CourseViewModel.swift */; };
		5CA313D1296313260086169F /* NotificationViewModel.swift in Sources */ = {isa = PBXBuildFile; fileRef = 5CA313D0296313260086169F /* NotificationViewModel.swift */; };
		5CA313DC296313350086169F /* ViewAssets.swift in Sources */ = {isa = PBXBuildFile; fileRef = 5CA313D4296313350086169F /* ViewAssets.swift */; };
		5CA313DE296313350086169F /* NotificationsPermissionModel.swift in Sources */ = {isa = PBXBuildFile; fileRef = 5CA313D6296313350086169F /* NotificationsPermissionModel.swift */; };
		5CA313E0296313350086169F /* NotificationModel.swift in Sources */ = {isa = PBXBuildFile; fileRef = 5CA313D8296313350086169F /* NotificationModel.swift */; };
		5CA313E1296313350086169F /* Course.swift in Sources */ = {isa = PBXBuildFile; fileRef = 5CA313D9296313350086169F /* Course.swift */; };
		5CA313F52963136C0086169F /* TextImageLessonSectionView.swift in Sources */ = {isa = PBXBuildFile; fileRef = 5CA313E52963136C0086169F /* TextImageLessonSectionView.swift */; };
		5CA313F62963136C0086169F /* TextImageView.swift in Sources */ = {isa = PBXBuildFile; fileRef = 5CA313E62963136C0086169F /* TextImageView.swift */; };
		5CA313F72963136C0086169F /* TextImageLessonView.swift in Sources */ = {isa = PBXBuildFile; fileRef = 5CA313E72963136C0086169F /* TextImageLessonView.swift */; };
		5CA313F82963136C0086169F /* LessonRowView.swift in Sources */ = {isa = PBXBuildFile; fileRef = 5CA313E82963136C0086169F /* LessonRowView.swift */; };
		5CA313F92963136C0086169F /* SectionView.swift in Sources */ = {isa = PBXBuildFile; fileRef = 5CA313E92963136C0086169F /* SectionView.swift */; };
		5CA313FA2963136C0086169F /* QuizQuestionView.swift in Sources */ = {isa = PBXBuildFile; fileRef = 5CA313EB2963136C0086169F /* QuizQuestionView.swift */; };
		5CA313FB2963136C0086169F /* QuizView.swift in Sources */ = {isa = PBXBuildFile; fileRef = 5CA313EC2963136C0086169F /* QuizView.swift */; };
		5CA313FC2963136C0086169F /* QuizAlertView.swift in Sources */ = {isa = PBXBuildFile; fileRef = 5CA313ED2963136C0086169F /* QuizAlertView.swift */; };
		5CA313FD2963136C0086169F /* CompleteCourseView.swift in Sources */ = {isa = PBXBuildFile; fileRef = 5CA313EE2963136C0086169F /* CompleteCourseView.swift */; };
		5CA313FE2963136C0086169F /* VideoLessonView.swift in Sources */ = {isa = PBXBuildFile; fileRef = 5CA313F02963136C0086169F /* VideoLessonView.swift */; };
		5CA313FF2963136C0086169F /* AutoRotateVideoPlayerView.swift in Sources */ = {isa = PBXBuildFile; fileRef = 5CA313F12963136C0086169F /* AutoRotateVideoPlayerView.swift */; };
		5CA314002963136C0086169F /* VideoStampsIView.swift in Sources */ = {isa = PBXBuildFile; fileRef = 5CA313F22963136C0086169F /* VideoStampsIView.swift */; };
		5CA314012963136C0086169F /* VideoDescriptionView.swift in Sources */ = {isa = PBXBuildFile; fileRef = 5CA313F32963136C0086169F /* VideoDescriptionView.swift */; };
		5CA314022963136C0086169F /* CourseView.swift in Sources */ = {isa = PBXBuildFile; fileRef = 5CA313F42963136C0086169F /* CourseView.swift */; };
		5CA31407296313940086169F /* UrlImageView.swift in Sources */ = {isa = PBXBuildFile; fileRef = 5CA31404296313940086169F /* UrlImageView.swift */; };
		5CA31408296313940086169F /* ScrollViewProportion.swift in Sources */ = {isa = PBXBuildFile; fileRef = 5CA31405296313940086169F /* ScrollViewProportion.swift */; };
		5CA31409296313940086169F /* UrlImageModel.swift in Sources */ = {isa = PBXBuildFile; fileRef = 5CA31406296313940086169F /* UrlImageModel.swift */; };
		5CA31412296319E70086169F /* LessonFooterView.swift in Sources */ = {isa = PBXBuildFile; fileRef = 5CA3140D296319E70086169F /* LessonFooterView.swift */; };
		5CA3142D29631BAA0086169F /* texts.json in Resources */ = {isa = PBXBuildFile; fileRef = 5CA3141929631BAA0086169F /* texts.json */; };
		5CA3143029631BAA0086169F /* Assets.xcassets in Resources */ = {isa = PBXBuildFile; fileRef = 5CA3141C29631BAA0086169F /* Assets.xcassets */; };
		5CA3143129631BAA0086169F /* course.json in Resources */ = {isa = PBXBuildFile; fileRef = 5CA3141D29631BAA0086169F /* course.json */; };
		5CA3143229631BAA0086169F /* Rubik-MediumItalic.ttf in Resources */ = {isa = PBXBuildFile; fileRef = 5CA3141F29631BAA0086169F /* Rubik-MediumItalic.ttf */; };
		5CA3143329631BAA0086169F /* Rubik-Bold.ttf in Resources */ = {isa = PBXBuildFile; fileRef = 5CA3142029631BAA0086169F /* Rubik-Bold.ttf */; };
		5CA3143429631BAA0086169F /* Rubik-SemiBoldItalic.ttf in Resources */ = {isa = PBXBuildFile; fileRef = 5CA3142129631BAA0086169F /* Rubik-SemiBoldItalic.ttf */; };
		5CA3143529631BAA0086169F /* Rubik-Light.ttf in Resources */ = {isa = PBXBuildFile; fileRef = 5CA3142229631BAA0086169F /* Rubik-Light.ttf */; };
		5CA3143629631BAA0086169F /* Rubik-Medium.ttf in Resources */ = {isa = PBXBuildFile; fileRef = 5CA3142329631BAA0086169F /* Rubik-Medium.ttf */; };
		5CA3143729631BAA0086169F /* Rubik-ExtraBoldItalic.ttf in Resources */ = {isa = PBXBuildFile; fileRef = 5CA3142429631BAA0086169F /* Rubik-ExtraBoldItalic.ttf */; };
		5CA3143829631BAA0086169F /* Rubik-Black.ttf in Resources */ = {isa = PBXBuildFile; fileRef = 5CA3142529631BAA0086169F /* Rubik-Black.ttf */; };
		5CA3143929631BAA0086169F /* Rubik-Italic.ttf in Resources */ = {isa = PBXBuildFile; fileRef = 5CA3142629631BAA0086169F /* Rubik-Italic.ttf */; };
		5CA3143A29631BAA0086169F /* Rubik-LightItalic.ttf in Resources */ = {isa = PBXBuildFile; fileRef = 5CA3142729631BAA0086169F /* Rubik-LightItalic.ttf */; };
		5CA3143B29631BAA0086169F /* Rubik-SemiBold.ttf in Resources */ = {isa = PBXBuildFile; fileRef = 5CA3142829631BAA0086169F /* Rubik-SemiBold.ttf */; };
		5CA3143C29631BAA0086169F /* Rubik-BlackItalic.ttf in Resources */ = {isa = PBXBuildFile; fileRef = 5CA3142929631BAA0086169F /* Rubik-BlackItalic.ttf */; };
		5CA3143D29631BAA0086169F /* Rubik-ExtraBold.ttf in Resources */ = {isa = PBXBuildFile; fileRef = 5CA3142A29631BAA0086169F /* Rubik-ExtraBold.ttf */; };
		5CA3143E29631BAA0086169F /* Rubik-Regular.ttf in Resources */ = {isa = PBXBuildFile; fileRef = 5CA3142B29631BAA0086169F /* Rubik-Regular.ttf */; };
		5CA3143F29631BAA0086169F /* Rubik-BoldItalic.ttf in Resources */ = {isa = PBXBuildFile; fileRef = 5CA3142C29631BAA0086169F /* Rubik-BoldItalic.ttf */; };
		5CA3144129635B950086169F /* Learn.json in Resources */ = {isa = PBXBuildFile; fileRef = 5CA3144029635B950086169F /* Learn.json */; };
		5CA314432963F0280086169F /* Lesson.swift in Sources */ = {isa = PBXBuildFile; fileRef = 5CA314422963F0280086169F /* Lesson.swift */; };
/* End PBXBuildFile section */

/* Begin PBXFileReference section */
		5C51D1D02964B20300B2C631 /* quizzes.json */ = {isa = PBXFileReference; lastKnownFileType = text.json; path = quizzes.json; sourceTree = "<group>"; };
		5C51D1D22964B23600B2C631 /* videos.json */ = {isa = PBXFileReference; lastKnownFileType = text.json; path = videos.json; sourceTree = "<group>"; };
		5C51D1D42964B80E00B2C631 /* LessonViewModel.swift */ = {isa = PBXFileReference; lastKnownFileType = sourcecode.swift; path = LessonViewModel.swift; sourceTree = "<group>"; };
		5CA313A3296312610086169F /* CourseKit.app */ = {isa = PBXFileReference; explicitFileType = wrapper.application; includeInIndex = 0; path = CourseKit.app; sourceTree = BUILT_PRODUCTS_DIR; };
		5CA313A6296312610086169F /* CourseKitApp.swift */ = {isa = PBXFileReference; lastKnownFileType = sourcecode.swift; path = CourseKitApp.swift; sourceTree = "<group>"; };
		5CA313A8296312610086169F /* HomeView.swift */ = {isa = PBXFileReference; lastKnownFileType = sourcecode.swift; path = HomeView.swift; sourceTree = "<group>"; };
		5CA313AD296312630086169F /* Preview Assets.xcassets */ = {isa = PBXFileReference; lastKnownFileType = folder.assetcatalog; path = "Preview Assets.xcassets"; sourceTree = "<group>"; };
		5CA313BD296312F30086169F /* NotificationDetailView.swift */ = {isa = PBXFileReference; fileEncoding = 4; lastKnownFileType = sourcecode.swift; path = NotificationDetailView.swift; sourceTree = "<group>"; };
		5CA313BE296312F30086169F /* ListView.swift */ = {isa = PBXFileReference; fileEncoding = 4; lastKnownFileType = sourcecode.swift; path = ListView.swift; sourceTree = "<group>"; };
		5CA313BF296312F30086169F /* NotificationCellView.swift */ = {isa = PBXFileReference; fileEncoding = 4; lastKnownFileType = sourcecode.swift; path = NotificationCellView.swift; sourceTree = "<group>"; };
		5CA313C0296312F30086169F /* NotificationsView.swift */ = {isa = PBXFileReference; fileEncoding = 4; lastKnownFileType = sourcecode.swift; path = NotificationsView.swift; sourceTree = "<group>"; };
		5CA313CE2963131C0086169F /* CourseViewModel.swift */ = {isa = PBXFileReference; fileEncoding = 4; lastKnownFileType = sourcecode.swift; path = CourseViewModel.swift; sourceTree = "<group>"; };
		5CA313D0296313260086169F /* NotificationViewModel.swift */ = {isa = PBXFileReference; fileEncoding = 4; lastKnownFileType = sourcecode.swift; path = NotificationViewModel.swift; sourceTree = "<group>"; };
		5CA313D4296313350086169F /* ViewAssets.swift */ = {isa = PBXFileReference; fileEncoding = 4; lastKnownFileType = sourcecode.swift; path = ViewAssets.swift; sourceTree = "<group>"; };
		5CA313D6296313350086169F /* NotificationsPermissionModel.swift */ = {isa = PBXFileReference; fileEncoding = 4; lastKnownFileType = sourcecode.swift; path = NotificationsPermissionModel.swift; sourceTree = "<group>"; };
		5CA313D8296313350086169F /* NotificationModel.swift */ = {isa = PBXFileReference; fileEncoding = 4; lastKnownFileType = sourcecode.swift; path = NotificationModel.swift; sourceTree = "<group>"; };
		5CA313D9296313350086169F /* Course.swift */ = {isa = PBXFileReference; fileEncoding = 4; lastKnownFileType = sourcecode.swift; path = Course.swift; sourceTree = "<group>"; };
		5CA313E52963136C0086169F /* TextImageLessonSectionView.swift */ = {isa = PBXFileReference; fileEncoding = 4; lastKnownFileType = sourcecode.swift; path = TextImageLessonSectionView.swift; sourceTree = "<group>"; };
		5CA313E62963136C0086169F /* TextImageView.swift */ = {isa = PBXFileReference; fileEncoding = 4; lastKnownFileType = sourcecode.swift; path = TextImageView.swift; sourceTree = "<group>"; };
		5CA313E72963136C0086169F /* TextImageLessonView.swift */ = {isa = PBXFileReference; fileEncoding = 4; lastKnownFileType = sourcecode.swift; path = TextImageLessonView.swift; sourceTree = "<group>"; };
		5CA313E82963136C0086169F /* LessonRowView.swift */ = {isa = PBXFileReference; fileEncoding = 4; lastKnownFileType = sourcecode.swift; path = LessonRowView.swift; sourceTree = "<group>"; };
		5CA313E92963136C0086169F /* SectionView.swift */ = {isa = PBXFileReference; fileEncoding = 4; lastKnownFileType = sourcecode.swift; path = SectionView.swift; sourceTree = "<group>"; };
		5CA313EB2963136C0086169F /* QuizQuestionView.swift */ = {isa = PBXFileReference; fileEncoding = 4; lastKnownFileType = sourcecode.swift; path = QuizQuestionView.swift; sourceTree = "<group>"; };
		5CA313EC2963136C0086169F /* QuizView.swift */ = {isa = PBXFileReference; fileEncoding = 4; lastKnownFileType = sourcecode.swift; path = QuizView.swift; sourceTree = "<group>"; };
		5CA313ED2963136C0086169F /* QuizAlertView.swift */ = {isa = PBXFileReference; fileEncoding = 4; lastKnownFileType = sourcecode.swift; path = QuizAlertView.swift; sourceTree = "<group>"; };
		5CA313EE2963136C0086169F /* CompleteCourseView.swift */ = {isa = PBXFileReference; fileEncoding = 4; lastKnownFileType = sourcecode.swift; path = CompleteCourseView.swift; sourceTree = "<group>"; };
		5CA313F02963136C0086169F /* VideoLessonView.swift */ = {isa = PBXFileReference; fileEncoding = 4; lastKnownFileType = sourcecode.swift; path = VideoLessonView.swift; sourceTree = "<group>"; };
		5CA313F12963136C0086169F /* AutoRotateVideoPlayerView.swift */ = {isa = PBXFileReference; fileEncoding = 4; lastKnownFileType = sourcecode.swift; path = AutoRotateVideoPlayerView.swift; sourceTree = "<group>"; };
		5CA313F22963136C0086169F /* VideoStampsIView.swift */ = {isa = PBXFileReference; fileEncoding = 4; lastKnownFileType = sourcecode.swift; path = VideoStampsIView.swift; sourceTree = "<group>"; };
		5CA313F32963136C0086169F /* VideoDescriptionView.swift */ = {isa = PBXFileReference; fileEncoding = 4; lastKnownFileType = sourcecode.swift; path = VideoDescriptionView.swift; sourceTree = "<group>"; };
		5CA313F42963136C0086169F /* CourseView.swift */ = {isa = PBXFileReference; fileEncoding = 4; lastKnownFileType = sourcecode.swift; path = CourseView.swift; sourceTree = "<group>"; };
		5CA31404296313940086169F /* UrlImageView.swift */ = {isa = PBXFileReference; fileEncoding = 4; lastKnownFileType = sourcecode.swift; path = UrlImageView.swift; sourceTree = "<group>"; };
		5CA31405296313940086169F /* ScrollViewProportion.swift */ = {isa = PBXFileReference; fileEncoding = 4; lastKnownFileType = sourcecode.swift; path = ScrollViewProportion.swift; sourceTree = "<group>"; };
		5CA31406296313940086169F /* UrlImageModel.swift */ = {isa = PBXFileReference; fileEncoding = 4; lastKnownFileType = sourcecode.swift; path = UrlImageModel.swift; sourceTree = "<group>"; };
		5CA3140D296319E70086169F /* LessonFooterView.swift */ = {isa = PBXFileReference; fileEncoding = 4; lastKnownFileType = sourcecode.swift; path = LessonFooterView.swift; sourceTree = "<group>"; };
		5CA3141929631BAA0086169F /* texts.json */ = {isa = PBXFileReference; fileEncoding = 4; lastKnownFileType = text.json; path = texts.json; sourceTree = "<group>"; };
		5CA3141C29631BAA0086169F /* Assets.xcassets */ = {isa = PBXFileReference; lastKnownFileType = folder.assetcatalog; path = Assets.xcassets; sourceTree = "<group>"; };
		5CA3141D29631BAA0086169F /* course.json */ = {isa = PBXFileReference; fileEncoding = 4; lastKnownFileType = text.json; path = course.json; sourceTree = "<group>"; };
		5CA3141F29631BAA0086169F /* Rubik-MediumItalic.ttf */ = {isa = PBXFileReference; lastKnownFileType = file; path = "Rubik-MediumItalic.ttf"; sourceTree = "<group>"; };
		5CA3142029631BAA0086169F /* Rubik-Bold.ttf */ = {isa = PBXFileReference; lastKnownFileType = file; path = "Rubik-Bold.ttf"; sourceTree = "<group>"; };
		5CA3142129631BAA0086169F /* Rubik-SemiBoldItalic.ttf */ = {isa = PBXFileReference; lastKnownFileType = file; path = "Rubik-SemiBoldItalic.ttf"; sourceTree = "<group>"; };
		5CA3142229631BAA0086169F /* Rubik-Light.ttf */ = {isa = PBXFileReference; lastKnownFileType = file; path = "Rubik-Light.ttf"; sourceTree = "<group>"; };
		5CA3142329631BAA0086169F /* Rubik-Medium.ttf */ = {isa = PBXFileReference; lastKnownFileType = file; path = "Rubik-Medium.ttf"; sourceTree = "<group>"; };
		5CA3142429631BAA0086169F /* Rubik-ExtraBoldItalic.ttf */ = {isa = PBXFileReference; lastKnownFileType = file; path = "Rubik-ExtraBoldItalic.ttf"; sourceTree = "<group>"; };
		5CA3142529631BAA0086169F /* Rubik-Black.ttf */ = {isa = PBXFileReference; lastKnownFileType = file; path = "Rubik-Black.ttf"; sourceTree = "<group>"; };
		5CA3142629631BAA0086169F /* Rubik-Italic.ttf */ = {isa = PBXFileReference; lastKnownFileType = file; path = "Rubik-Italic.ttf"; sourceTree = "<group>"; };
		5CA3142729631BAA0086169F /* Rubik-LightItalic.ttf */ = {isa = PBXFileReference; lastKnownFileType = file; path = "Rubik-LightItalic.ttf"; sourceTree = "<group>"; };
		5CA3142829631BAA0086169F /* Rubik-SemiBold.ttf */ = {isa = PBXFileReference; lastKnownFileType = file; path = "Rubik-SemiBold.ttf"; sourceTree = "<group>"; };
		5CA3142929631BAA0086169F /* Rubik-BlackItalic.ttf */ = {isa = PBXFileReference; lastKnownFileType = file; path = "Rubik-BlackItalic.ttf"; sourceTree = "<group>"; };
		5CA3142A29631BAA0086169F /* Rubik-ExtraBold.ttf */ = {isa = PBXFileReference; lastKnownFileType = file; path = "Rubik-ExtraBold.ttf"; sourceTree = "<group>"; };
		5CA3142B29631BAA0086169F /* Rubik-Regular.ttf */ = {isa = PBXFileReference; lastKnownFileType = file; path = "Rubik-Regular.ttf"; sourceTree = "<group>"; };
		5CA3142C29631BAA0086169F /* Rubik-BoldItalic.ttf */ = {isa = PBXFileReference; lastKnownFileType = file; path = "Rubik-BoldItalic.ttf"; sourceTree = "<group>"; };
		5CA3144029635B950086169F /* Learn.json */ = {isa = PBXFileReference; fileEncoding = 4; lastKnownFileType = text.json; path = Learn.json; sourceTree = "<group>"; };
		5CA314422963F0280086169F /* Lesson.swift */ = {isa = PBXFileReference; lastKnownFileType = sourcecode.swift; path = Lesson.swift; sourceTree = "<group>"; };
/* End PBXFileReference section */

/* Begin PBXFrameworksBuildPhase section */
		5CA313A0296312610086169F /* Frameworks */ = {
			isa = PBXFrameworksBuildPhase;
			buildActionMask = 2147483647;
			files = (
			);
			runOnlyForDeploymentPostprocessing = 0;
		};
/* End PBXFrameworksBuildPhase section */

/* Begin PBXGroup section */
		5CA3139A296312610086169F = {
			isa = PBXGroup;
			children = (
				5CA313BC296312F30086169F /* Notifications */,
				5CA313A5296312610086169F /* CourseKit */,
				5CA313A4296312610086169F /* Products */,
			);
			sourceTree = "<group>";
		};
		5CA313A4296312610086169F /* Products */ = {
			isa = PBXGroup;
			children = (
				5CA313A3296312610086169F /* CourseKit.app */,
			);
			name = Products;
			sourceTree = "<group>";
		};
		5CA313A5296312610086169F /* CourseKit */ = {
			isa = PBXGroup;
			children = (
				5CA313A6296312610086169F /* CourseKitApp.swift */,
				5CA313A8296312610086169F /* HomeView.swift */,
				5CA3141829631BAA0086169F /* Resources */,
				5CA31403296313940086169F /* Helpers */,
				5CA313D2296313350086169F /* Models */,
				5CA313E32963136C0086169F /* CourseDetail */,
				5CA313E42963136C0086169F /* TextImageLessons */,
				5CA313EF2963136C0086169F /* VideoLessons */,
				5CA313EA2963136C0086169F /* QuizLessons */,
				5CA313AC296312630086169F /* Preview Content */,
			);
			path = CourseKit;
			sourceTree = "<group>";
		};
		5CA313AC296312630086169F /* Preview Content */ = {
			isa = PBXGroup;
			children = (
				5CA313AD296312630086169F /* Preview Assets.xcassets */,
			);
			path = "Preview Content";
			sourceTree = "<group>";
		};
		5CA313BC296312F30086169F /* Notifications */ = {
			isa = PBXGroup;
			children = (
				5CA313D6296313350086169F /* NotificationsPermissionModel.swift */,
				5CA313D8296313350086169F /* NotificationModel.swift */,
				5CA313D0296313260086169F /* NotificationViewModel.swift */,
				5CA313BD296312F30086169F /* NotificationDetailView.swift */,
				5CA313BE296312F30086169F /* ListView.swift */,
				5CA313BF296312F30086169F /* NotificationCellView.swift */,
				5CA313C0296312F30086169F /* NotificationsView.swift */,
			);
			path = Notifications;
			sourceTree = "<group>";
		};
		5CA313D2296313350086169F /* Models */ = {
			isa = PBXGroup;
			children = (
				5CA313D4296313350086169F /* ViewAssets.swift */,
				5CA313D9296313350086169F /* Course.swift */,
				5CA314422963F0280086169F /* Lesson.swift */,
				5CA313CE2963131C0086169F /* CourseViewModel.swift */,
				5C51D1D42964B80E00B2C631 /* LessonViewModel.swift */,
			);
			path = Models;
			sourceTree = "<group>";
		};
		5CA313E32963136C0086169F /* CourseDetail */ = {
			isa = PBXGroup;
			children = (
				5CA313F42963136C0086169F /* CourseView.swift */,
				5CA313E92963136C0086169F /* SectionView.swift */,
				5CA313E82963136C0086169F /* LessonRowView.swift */,
				5CA313EE2963136C0086169F /* CompleteCourseView.swift */,
				5CA3140D296319E70086169F /* LessonFooterView.swift */,
			);
			path = CourseDetail;
			sourceTree = "<group>";
		};
		5CA313E42963136C0086169F /* TextImageLessons */ = {
			isa = PBXGroup;
			children = (
				5CA313E72963136C0086169F /* TextImageLessonView.swift */,
				5CA313E52963136C0086169F /* TextImageLessonSectionView.swift */,
				5CA313E62963136C0086169F /* TextImageView.swift */,
			);
			path = TextImageLessons;
			sourceTree = "<group>";
		};
		5CA313EA2963136C0086169F /* QuizLessons */ = {
			isa = PBXGroup;
			children = (
				5CA313EC2963136C0086169F /* QuizView.swift */,
				5CA313EB2963136C0086169F /* QuizQuestionView.swift */,
				5CA313ED2963136C0086169F /* QuizAlertView.swift */,
			);
			path = QuizLessons;
			sourceTree = "<group>";
		};
		5CA313EF2963136C0086169F /* VideoLessons */ = {
			isa = PBXGroup;
			children = (
				5CA313F02963136C0086169F /* VideoLessonView.swift */,
				5CA313F12963136C0086169F /* AutoRotateVideoPlayerView.swift */,
				5CA313F22963136C0086169F /* VideoStampsIView.swift */,
				5CA313F32963136C0086169F /* VideoDescriptionView.swift */,
			);
			path = VideoLessons;
			sourceTree = "<group>";
		};
		5CA31403296313940086169F /* Helpers */ = {
			isa = PBXGroup;
			children = (
				5CA31404296313940086169F /* UrlImageView.swift */,
				5CA31405296313940086169F /* ScrollViewProportion.swift */,
				5CA31406296313940086169F /* UrlImageModel.swift */,
			);
			path = Helpers;
			sourceTree = "<group>";
		};
		5CA3141829631BAA0086169F /* Resources */ = {
			isa = PBXGroup;
			children = (
				5CA3141929631BAA0086169F /* texts.json */,
				5C51D1D02964B20300B2C631 /* quizzes.json */,
				5C51D1D22964B23600B2C631 /* videos.json */,
				5CA3141C29631BAA0086169F /* Assets.xcassets */,
				5CA3141D29631BAA0086169F /* course.json */,
				5CA3144029635B950086169F /* Learn.json */,
				5CA3141E29631BAA0086169F /* Fonts */,
			);
			path = Resources;
			sourceTree = "<group>";
		};
		5CA3141E29631BAA0086169F /* Fonts */ = {
			isa = PBXGroup;
			children = (
				5CA3141F29631BAA0086169F /* Rubik-MediumItalic.ttf */,
				5CA3142029631BAA0086169F /* Rubik-Bold.ttf */,
				5CA3142129631BAA0086169F /* Rubik-SemiBoldItalic.ttf */,
				5CA3142229631BAA0086169F /* Rubik-Light.ttf */,
				5CA3142329631BAA0086169F /* Rubik-Medium.ttf */,
				5CA3142429631BAA0086169F /* Rubik-ExtraBoldItalic.ttf */,
				5CA3142529631BAA0086169F /* Rubik-Black.ttf */,
				5CA3142629631BAA0086169F /* Rubik-Italic.ttf */,
				5CA3142729631BAA0086169F /* Rubik-LightItalic.ttf */,
				5CA3142829631BAA0086169F /* Rubik-SemiBold.ttf */,
				5CA3142929631BAA0086169F /* Rubik-BlackItalic.ttf */,
				5CA3142A29631BAA0086169F /* Rubik-ExtraBold.ttf */,
				5CA3142B29631BAA0086169F /* Rubik-Regular.ttf */,
				5CA3142C29631BAA0086169F /* Rubik-BoldItalic.ttf */,
			);
			path = Fonts;
			sourceTree = "<group>";
		};
/* End PBXGroup section */

/* Begin PBXNativeTarget section */
		5CA313A2296312610086169F /* CourseKit */ = {
			isa = PBXNativeTarget;
			buildConfigurationList = 5CA313B1296312630086169F /* Build configuration list for PBXNativeTarget "CourseKit" */;
			buildPhases = (
				5CA3139F296312610086169F /* Sources */,
				5CA313A0296312610086169F /* Frameworks */,
				5CA313A1296312610086169F /* Resources */,
			);
			buildRules = (
			);
			dependencies = (
			);
			name = CourseKit;
			productName = CourseKit;
			productReference = 5CA313A3296312610086169F /* CourseKit.app */;
			productType = "com.apple.product-type.application";
		};
/* End PBXNativeTarget section */

/* Begin PBXProject section */
		5CA3139B296312610086169F /* Project object */ = {
			isa = PBXProject;
			attributes = {
				BuildIndependentTargetsInParallel = 1;
				LastSwiftUpdateCheck = 1400;
				LastUpgradeCheck = 1400;
				TargetAttributes = {
					5CA313A2296312610086169F = {
						CreatedOnToolsVersion = 14.0;
					};
				};
			};
			buildConfigurationList = 5CA3139E296312610086169F /* Build configuration list for PBXProject "CourseKit" */;
			compatibilityVersion = "Xcode 14.0";
			developmentRegion = en;
			hasScannedForEncodings = 0;
			knownRegions = (
				en,
				Base,
			);
			mainGroup = 5CA3139A296312610086169F;
			productRefGroup = 5CA313A4296312610086169F /* Products */;
			projectDirPath = "";
			projectRoot = "";
			targets = (
				5CA313A2296312610086169F /* CourseKit */,
			);
		};
/* End PBXProject section */

/* Begin PBXResourcesBuildPhase section */
		5CA313A1296312610086169F /* Resources */ = {
			isa = PBXResourcesBuildPhase;
			buildActionMask = 2147483647;
			files = (
				5CA313AE296312630086169F /* Preview Assets.xcassets in Resources */,
				5CA3143329631BAA0086169F /* Rubik-Bold.ttf in Resources */,
				5CA3143C29631BAA0086169F /* Rubik-BlackItalic.ttf in Resources */,
				5C51D1D12964B20300B2C631 /* quizzes.json in Resources */,
				5CA3143629631BAA0086169F /* Rubik-Medium.ttf in Resources */,
				5CA3143729631BAA0086169F /* Rubik-ExtraBoldItalic.ttf in Resources */,
				5CA3143D29631BAA0086169F /* Rubik-ExtraBold.ttf in Resources */,
				5CA3143B29631BAA0086169F /* Rubik-SemiBold.ttf in Resources */,
				5CA3143229631BAA0086169F /* Rubik-MediumItalic.ttf in Resources */,
				5CA3142D29631BAA0086169F /* texts.json in Resources */,
				5CA3143129631BAA0086169F /* course.json in Resources */,
				5CA3143A29631BAA0086169F /* Rubik-LightItalic.ttf in Resources */,
				5CA3143E29631BAA0086169F /* Rubik-Regular.ttf in Resources */,
				5CA3143429631BAA0086169F /* Rubik-SemiBoldItalic.ttf in Resources */,
				5CA3144129635B950086169F /* Learn.json in Resources */,
				5CA3143829631BAA0086169F /* Rubik-Black.ttf in Resources */,
				5CA3143929631BAA0086169F /* Rubik-Italic.ttf in Resources */,
				5C51D1D32964B23600B2C631 /* videos.json in Resources */,
				5CA3143029631BAA0086169F /* Assets.xcassets in Resources */,
				5CA3143F29631BAA0086169F /* Rubik-BoldItalic.ttf in Resources */,
				5CA3143529631BAA0086169F /* Rubik-Light.ttf in Resources */,
			);
			runOnlyForDeploymentPostprocessing = 0;
		};
/* End PBXResourcesBuildPhase section */

/* Begin PBXSourcesBuildPhase section */
		5CA3139F296312610086169F /* Sources */ = {
			isa = PBXSourcesBuildPhase;
			buildActionMask = 2147483647;
			files = (
				5CA314022963136C0086169F /* CourseView.swift in Sources */,
				5CA31409296313940086169F /* UrlImageModel.swift in Sources */,
				5CA313A9296312610086169F /* HomeView.swift in Sources */,
				5CA314432963F0280086169F /* Lesson.swift in Sources */,
				5CA313FA2963136C0086169F /* QuizQuestionView.swift in Sources */,
				5CA314012963136C0086169F /* VideoDescriptionView.swift in Sources */,
				5CA313FE2963136C0086169F /* VideoLessonView.swift in Sources */,
				5CA313FC2963136C0086169F /* QuizAlertView.swift in Sources */,
				5CA31407296313940086169F /* UrlImageView.swift in Sources */,
				5CA313FB2963136C0086169F /* QuizView.swift in Sources */,
				5CA313CF2963131C0086169F /* CourseViewModel.swift in Sources */,
				5CA313F72963136C0086169F /* TextImageLessonView.swift in Sources */,
				5CA31408296313940086169F /* ScrollViewProportion.swift in Sources */,
				5CA313DE296313350086169F /* NotificationsPermissionModel.swift in Sources */,
				5CA313C9296312F30086169F /* NotificationDetailView.swift in Sources */,
				5CA313DC296313350086169F /* ViewAssets.swift in Sources */,
				5C51D1D52964B80E00B2C631 /* LessonViewModel.swift in Sources */,
				5CA313FF2963136C0086169F /* AutoRotateVideoPlayerView.swift in Sources */,
				5CA31412296319E70086169F /* LessonFooterView.swift in Sources */,
				5CA313F92963136C0086169F /* SectionView.swift in Sources */,
				5CA313FD2963136C0086169F /* CompleteCourseView.swift in Sources */,
				5CA313D1296313260086169F /* NotificationViewModel.swift in Sources */,
				5CA313F82963136C0086169F /* LessonRowView.swift in Sources */,
				5CA313A7296312610086169F /* CourseKitApp.swift in Sources */,
				5CA313CA296312F30086169F /* ListView.swift in Sources */,
				5CA313F52963136C0086169F /* TextImageLessonSectionView.swift in Sources */,
				5CA313F62963136C0086169F /* TextImageView.swift in Sources */,
				5CA313CC296312F30086169F /* NotificationsView.swift in Sources */,
				5CA313E1296313350086169F /* Course.swift in Sources */,
				5CA314002963136C0086169F /* VideoStampsIView.swift in Sources */,
				5CA313E0296313350086169F /* NotificationModel.swift in Sources */,
				5CA313CB296312F30086169F /* NotificationCellView.swift in Sources */,
			);
			runOnlyForDeploymentPostprocessing = 0;
		};
/* End PBXSourcesBuildPhase section */

/* Begin XCBuildConfiguration section */
		5CA313AF296312630086169F /* Debug */ = {
			isa = XCBuildConfiguration;
			buildSettings = {
				ALWAYS_SEARCH_USER_PATHS = NO;
				CLANG_ANALYZER_NONNULL = YES;
				CLANG_ANALYZER_NUMBER_OBJECT_CONVERSION = YES_AGGRESSIVE;
				CLANG_CXX_LANGUAGE_STANDARD = "gnu++20";
				CLANG_ENABLE_MODULES = YES;
				CLANG_ENABLE_OBJC_ARC = YES;
				CLANG_ENABLE_OBJC_WEAK = YES;
				CLANG_WARN_BLOCK_CAPTURE_AUTORELEASING = YES;
				CLANG_WARN_BOOL_CONVERSION = YES;
				CLANG_WARN_COMMA = YES;
				CLANG_WARN_CONSTANT_CONVERSION = YES;
				CLANG_WARN_DEPRECATED_OBJC_IMPLEMENTATIONS = YES;
				CLANG_WARN_DIRECT_OBJC_ISA_USAGE = YES_ERROR;
				CLANG_WARN_DOCUMENTATION_COMMENTS = YES;
				CLANG_WARN_EMPTY_BODY = YES;
				CLANG_WARN_ENUM_CONVERSION = YES;
				CLANG_WARN_INFINITE_RECURSION = YES;
				CLANG_WARN_INT_CONVERSION = YES;
				CLANG_WARN_NON_LITERAL_NULL_CONVERSION = YES;
				CLANG_WARN_OBJC_IMPLICIT_RETAIN_SELF = YES;
				CLANG_WARN_OBJC_LITERAL_CONVERSION = YES;
				CLANG_WARN_OBJC_ROOT_CLASS = YES_ERROR;
				CLANG_WARN_QUOTED_INCLUDE_IN_FRAMEWORK_HEADER = YES;
				CLANG_WARN_RANGE_LOOP_ANALYSIS = YES;
				CLANG_WARN_STRICT_PROTOTYPES = YES;
				CLANG_WARN_SUSPICIOUS_MOVE = YES;
				CLANG_WARN_UNGUARDED_AVAILABILITY = YES_AGGRESSIVE;
				CLANG_WARN_UNREACHABLE_CODE = YES;
				CLANG_WARN__DUPLICATE_METHOD_MATCH = YES;
				COPY_PHASE_STRIP = NO;
				DEBUG_INFORMATION_FORMAT = dwarf;
				ENABLE_STRICT_OBJC_MSGSEND = YES;
				ENABLE_TESTABILITY = YES;
				GCC_C_LANGUAGE_STANDARD = gnu11;
				GCC_DYNAMIC_NO_PIC = NO;
				GCC_NO_COMMON_BLOCKS = YES;
				GCC_OPTIMIZATION_LEVEL = 0;
				GCC_PREPROCESSOR_DEFINITIONS = (
					"DEBUG=1",
					"$(inherited)",
				);
				GCC_WARN_64_TO_32_BIT_CONVERSION = YES;
				GCC_WARN_ABOUT_RETURN_TYPE = YES_ERROR;
				GCC_WARN_UNDECLARED_SELECTOR = YES;
				GCC_WARN_UNINITIALIZED_AUTOS = YES_AGGRESSIVE;
				GCC_WARN_UNUSED_FUNCTION = YES;
				GCC_WARN_UNUSED_VARIABLE = YES;
				IPHONEOS_DEPLOYMENT_TARGET = 16.0;
				MTL_ENABLE_DEBUG_INFO = INCLUDE_SOURCE;
				MTL_FAST_MATH = YES;
				ONLY_ACTIVE_ARCH = YES;
				SDKROOT = iphoneos;
				SWIFT_ACTIVE_COMPILATION_CONDITIONS = DEBUG;
				SWIFT_OPTIMIZATION_LEVEL = "-Onone";
			};
			name = Debug;
		};
		5CA313B0296312630086169F /* Release */ = {
			isa = XCBuildConfiguration;
			buildSettings = {
				ALWAYS_SEARCH_USER_PATHS = NO;
				CLANG_ANALYZER_NONNULL = YES;
				CLANG_ANALYZER_NUMBER_OBJECT_CONVERSION = YES_AGGRESSIVE;
				CLANG_CXX_LANGUAGE_STANDARD = "gnu++20";
				CLANG_ENABLE_MODULES = YES;
				CLANG_ENABLE_OBJC_ARC = YES;
				CLANG_ENABLE_OBJC_WEAK = YES;
				CLANG_WARN_BLOCK_CAPTURE_AUTORELEASING = YES;
				CLANG_WARN_BOOL_CONVERSION = YES;
				CLANG_WARN_COMMA = YES;
				CLANG_WARN_CONSTANT_CONVERSION = YES;
				CLANG_WARN_DEPRECATED_OBJC_IMPLEMENTATIONS = YES;
				CLANG_WARN_DIRECT_OBJC_ISA_USAGE = YES_ERROR;
				CLANG_WARN_DOCUMENTATION_COMMENTS = YES;
				CLANG_WARN_EMPTY_BODY = YES;
				CLANG_WARN_ENUM_CONVERSION = YES;
				CLANG_WARN_INFINITE_RECURSION = YES;
				CLANG_WARN_INT_CONVERSION = YES;
				CLANG_WARN_NON_LITERAL_NULL_CONVERSION = YES;
				CLANG_WARN_OBJC_IMPLICIT_RETAIN_SELF = YES;
				CLANG_WARN_OBJC_LITERAL_CONVERSION = YES;
				CLANG_WARN_OBJC_ROOT_CLASS = YES_ERROR;
				CLANG_WARN_QUOTED_INCLUDE_IN_FRAMEWORK_HEADER = YES;
				CLANG_WARN_RANGE_LOOP_ANALYSIS = YES;
				CLANG_WARN_STRICT_PROTOTYPES = YES;
				CLANG_WARN_SUSPICIOUS_MOVE = YES;
				CLANG_WARN_UNGUARDED_AVAILABILITY = YES_AGGRESSIVE;
				CLANG_WARN_UNREACHABLE_CODE = YES;
				CLANG_WARN__DUPLICATE_METHOD_MATCH = YES;
				COPY_PHASE_STRIP = NO;
				DEBUG_INFORMATION_FORMAT = "dwarf-with-dsym";
				ENABLE_NS_ASSERTIONS = NO;
				ENABLE_STRICT_OBJC_MSGSEND = YES;
				GCC_C_LANGUAGE_STANDARD = gnu11;
				GCC_NO_COMMON_BLOCKS = YES;
				GCC_WARN_64_TO_32_BIT_CONVERSION = YES;
				GCC_WARN_ABOUT_RETURN_TYPE = YES_ERROR;
				GCC_WARN_UNDECLARED_SELECTOR = YES;
				GCC_WARN_UNINITIALIZED_AUTOS = YES_AGGRESSIVE;
				GCC_WARN_UNUSED_FUNCTION = YES;
				GCC_WARN_UNUSED_VARIABLE = YES;
				IPHONEOS_DEPLOYMENT_TARGET = 16.0;
				MTL_ENABLE_DEBUG_INFO = NO;
				MTL_FAST_MATH = YES;
				SDKROOT = iphoneos;
				SWIFT_COMPILATION_MODE = wholemodule;
				SWIFT_OPTIMIZATION_LEVEL = "-O";
				VALIDATE_PRODUCT = YES;
			};
			name = Release;
		};
		5CA313B2296312630086169F /* Debug */ = {
			isa = XCBuildConfiguration;
			buildSettings = {
				ASSETCATALOG_COMPILER_APPICON_NAME = AppIcon;
				ASSETCATALOG_COMPILER_GLOBAL_ACCENT_COLOR_NAME = AccentColor;
				CODE_SIGN_STYLE = Automatic;
				CURRENT_PROJECT_VERSION = 1;
				DEVELOPMENT_ASSET_PATHS = "\"CourseKit/Preview Content\"";
				DEVELOPMENT_TEAM = 27W5LD33EA;
				ENABLE_PREVIEWS = YES;
				GENERATE_INFOPLIST_FILE = YES;
				INFOPLIST_KEY_UIApplicationSceneManifest_Generation = YES;
				INFOPLIST_KEY_UIApplicationSupportsIndirectInputEvents = YES;
				INFOPLIST_KEY_UILaunchScreen_Generation = YES;
				INFOPLIST_KEY_UISupportedInterfaceOrientations_iPad = "UIInterfaceOrientationPortrait UIInterfaceOrientationPortraitUpsideDown UIInterfaceOrientationLandscapeLeft UIInterfaceOrientationLandscapeRight";
				INFOPLIST_KEY_UISupportedInterfaceOrientations_iPhone = "UIInterfaceOrientationPortrait UIInterfaceOrientationLandscapeLeft UIInterfaceOrientationLandscapeRight";
				LD_RUNPATH_SEARCH_PATHS = (
					"$(inherited)",
					"@executable_path/Frameworks",
				);
				MARKETING_VERSION = 1.0;
				PRODUCT_BUNDLE_IDENTIFIER = com.nurios.CourseKit;
				PRODUCT_NAME = "$(TARGET_NAME)";
				SWIFT_EMIT_LOC_STRINGS = YES;
				SWIFT_VERSION = 5.0;
				TARGETED_DEVICE_FAMILY = "1,2";
			};
			name = Debug;
		};
		5CA313B3296312630086169F /* Release */ = {
			isa = XCBuildConfiguration;
			buildSettings = {
				ASSETCATALOG_COMPILER_APPICON_NAME = AppIcon;
				ASSETCATALOG_COMPILER_GLOBAL_ACCENT_COLOR_NAME = AccentColor;
				CODE_SIGN_STYLE = Automatic;
				CURRENT_PROJECT_VERSION = 1;
				DEVELOPMENT_ASSET_PATHS = "\"CourseKit/Preview Content\"";
				DEVELOPMENT_TEAM = 27W5LD33EA;
				ENABLE_PREVIEWS = YES;
				GENERATE_INFOPLIST_FILE = YES;
				INFOPLIST_KEY_UIApplicationSceneManifest_Generation = YES;
				INFOPLIST_KEY_UIApplicationSupportsIndirectInputEvents = YES;
				INFOPLIST_KEY_UILaunchScreen_Generation = YES;
				INFOPLIST_KEY_UISupportedInterfaceOrientations_iPad = "UIInterfaceOrientationPortrait UIInterfaceOrientationPortraitUpsideDown UIInterfaceOrientationLandscapeLeft UIInterfaceOrientationLandscapeRight";
				INFOPLIST_KEY_UISupportedInterfaceOrientations_iPhone = "UIInterfaceOrientationPortrait UIInterfaceOrientationLandscapeLeft UIInterfaceOrientationLandscapeRight";
				LD_RUNPATH_SEARCH_PATHS = (
					"$(inherited)",
					"@executable_path/Frameworks",
				);
				MARKETING_VERSION = 1.0;
				PRODUCT_BUNDLE_IDENTIFIER = com.nurios.CourseKit;
				PRODUCT_NAME = "$(TARGET_NAME)";
				SWIFT_EMIT_LOC_STRINGS = YES;
				SWIFT_VERSION = 5.0;
				TARGETED_DEVICE_FAMILY = "1,2";
			};
			name = Release;
		};
/* End XCBuildConfiguration section */

/* Begin XCConfigurationList section */
		5CA3139E296312610086169F /* Build configuration list for PBXProject "CourseKit" */ = {
			isa = XCConfigurationList;
			buildConfigurations = (
				5CA313AF296312630086169F /* Debug */,
				5CA313B0296312630086169F /* Release */,
			);
			defaultConfigurationIsVisible = 0;
			defaultConfigurationName = Release;
		};
		5CA313B1296312630086169F /* Build configuration list for PBXNativeTarget "CourseKit" */ = {
			isa = XCConfigurationList;
			buildConfigurations = (
				5CA313B2296312630086169F /* Debug */,
				5CA313B3296312630086169F /* Release */,
			);
			defaultConfigurationIsVisible = 0;
			defaultConfigurationName = Release;
		};
/* End XCConfigurationList section */
	};
	rootObject = 5CA3139B296312610086169F /* Project object */;
}
